
Microsoft Visual Studio Solution File, Format Version 12.00
# Visual Studio Version 17
VisualStudioVersion = 17.4.33122.133
MinimumVisualStudioVersion = 10.0.40219.1
Project("{FAE04EC0-301F-11D3-BF4B-00C04F79EFBC}") = "test-5 - laba-3", "test-5 - laba-3\test-5 - laba-3.csproj", "{C15BD910-A4A9-434A-8D6A-5C59614FC5B9}"
EndProject
Global
	GlobalSection(SolutionConfigurationPlatforms) = preSolution
		Debug|Any CPU = Debug|Any CPU
		Release|Any CPU = Release|Any CPU
	EndGlobalSection
	GlobalSection(ProjectConfigurationPlatforms) = postSolution
		{C15BD910-A4A9-434A-8D6A-5C59614FC5B9}.Debug|Any CPU.ActiveCfg = Debug|Any CPU
		{C15BD910-A4A9-434A-8D6A-5C59614FC5B9}.Debug|Any CPU.Build.0 = Debug|Any CPU
		{C15BD910-A4A9-434A-8D6A-5C59614FC5B9}.Release|Any CPU.ActiveCfg = Release|Any CPU
		{C15BD910-A4A9-434A-8D6A-5C59614FC5B9}.Release|Any CPU.Build.0 = Release|Any CPU
	EndGlobalSection
	GlobalSection(SolutionProperties) = preSolution
		HideSolutionNode = FALSE
	EndGlobalSection
	GlobalSection(ExtensibilityGlobals) = postSolution
		SolutionGuid = {C786E31C-984A-494A-934E-38EC266BDE88}
	EndGlobalSection
EndGlobal
