
Microsoft Visual Studio Solution File, Format Version 12.00
# Visual Studio Version 17
VisualStudioVersion = 17.4.33122.133
MinimumVisualStudioVersion = 10.0.40219.1
Project("{FAE04EC0-301F-11D3-BF4B-00C04F79EFBC}") = "ConsoleApp111", "ConsoleApp111\ConsoleApp111.csproj", "{C0602E91-52BA-4A69-B85F-26CA619F5DE6}"
EndProject
Global
	GlobalSection(SolutionConfigurationPlatforms) = preSolution
		Debug|Any CPU = Debug|Any CPU
		Release|Any CPU = Release|Any CPU
	EndGlobalSection
	GlobalSection(ProjectConfigurationPlatforms) = postSolution
		{C0602E91-52BA-4A69-B85F-26CA619F5DE6}.Debug|Any CPU.ActiveCfg = Debug|Any CPU
		{C0602E91-52BA-4A69-B85F-26CA619F5DE6}.Debug|Any CPU.Build.0 = Debug|Any CPU
		{C0602E91-52BA-4A69-B85F-26CA619F5DE6}.Release|Any CPU.ActiveCfg = Release|Any CPU
		{C0602E91-52BA-4A69-B85F-26CA619F5DE6}.Release|Any CPU.Build.0 = Release|Any CPU
	EndGlobalSection
	GlobalSection(SolutionProperties) = preSolution
		HideSolutionNode = FALSE
	EndGlobalSection
	GlobalSection(ExtensibilityGlobals) = postSolution
		SolutionGuid = {7D34FCA2-FCDC-455E-B3D9-97C27838B191}
	EndGlobalSection
EndGlobal
